
Microsoft Visual Studio Solution File, Format Version 12.00
# Visual Studio 15
VisualStudioVersion = 15.0.26730.16
MinimumVisualStudioVersion = 10.0.40219.1
Project("{9A19103F-16F7-4668-BE54-9A1E7A4F7556}") = "EpicQuestApp", "EpicQuestApp\EpicQuestApp.csproj", "{B0E6F9A2-E1A0-413A-A13D-DA26E567B463}"
EndProject
Project("{FAE04EC0-301F-11D3-BF4B-00C04F79EFBC}") = "EpicQuestEntities", "EpicQuestEntities\EpicQuestEntities\EpicQuestEntities.csproj", "{F4009D2E-8A9F-49D9-929A-6B2E6B7DB70D}"
EndProject
Global
	GlobalSection(SolutionConfigurationPlatforms) = preSolution
		Debug|Any CPU = Debug|Any CPU
		Release|Any CPU = Release|Any CPU
	EndGlobalSection
	GlobalSection(ProjectConfigurationPlatforms) = postSolution
		{B0E6F9A2-E1A0-413A-A13D-DA26E567B463}.Debug|Any CPU.ActiveCfg = Debug|Any CPU
		{B0E6F9A2-E1A0-413A-A13D-DA26E567B463}.Debug|Any CPU.Build.0 = Debug|Any CPU
		{B0E6F9A2-E1A0-413A-A13D-DA26E567B463}.Release|Any CPU.ActiveCfg = Release|Any CPU
		{B0E6F9A2-E1A0-413A-A13D-DA26E567B463}.Release|Any CPU.Build.0 = Release|Any CPU
		{F4009D2E-8A9F-49D9-929A-6B2E6B7DB70D}.Debug|Any CPU.ActiveCfg = Debug|Any CPU
		{F4009D2E-8A9F-49D9-929A-6B2E6B7DB70D}.Debug|Any CPU.Build.0 = Debug|Any CPU
		{F4009D2E-8A9F-49D9-929A-6B2E6B7DB70D}.Release|Any CPU.ActiveCfg = Release|Any CPU
		{F4009D2E-8A9F-49D9-929A-6B2E6B7DB70D}.Release|Any CPU.Build.0 = Release|Any CPU
	EndGlobalSection
	GlobalSection(SolutionProperties) = preSolution
		HideSolutionNode = FALSE
	EndGlobalSection
	GlobalSection(ExtensibilityGlobals) = postSolution
		SolutionGuid = {12BC2804-DA68-4BE0-9801-CA3A36AEBE09}
	EndGlobalSection
EndGlobal
